
Microsoft Visual Studio Solution File, Format Version 12.00
# Visual Studio Version 17
VisualStudioVersion = 17.10.35027.167
MinimumVisualStudioVersion = 10.0.40219.1
Project("{FAE04EC0-301F-11D3-BF4B-00C04F79EFBC}") = "CRUDindotNet", "CRUDindotNet\CRUDindotNet.csproj", "{F2BB940E-90F1-4B7B-ADD4-89C79274E97D}"
EndProject
Global
	GlobalSection(SolutionConfigurationPlatforms) = preSolution
		Debug|Any CPU = Debug|Any CPU
		Release|Any CPU = Release|Any CPU
	EndGlobalSection
	GlobalSection(ProjectConfigurationPlatforms) = postSolution
		{F2BB940E-90F1-4B7B-ADD4-89C79274E97D}.Debug|Any CPU.ActiveCfg = Debug|Any CPU
		{F2BB940E-90F1-4B7B-ADD4-89C79274E97D}.Debug|Any CPU.Build.0 = Debug|Any CPU
		{F2BB940E-90F1-4B7B-ADD4-89C79274E97D}.Release|Any CPU.ActiveCfg = Release|Any CPU
		{F2BB940E-90F1-4B7B-ADD4-89C79274E97D}.Release|Any CPU.Build.0 = Release|Any CPU
	EndGlobalSection
	GlobalSection(SolutionProperties) = preSolution
		HideSolutionNode = FALSE
	EndGlobalSection
	GlobalSection(ExtensibilityGlobals) = postSolution
		SolutionGuid = {00052192-9007-4EE8-9056-DAD343FF63DD}
	EndGlobalSection
EndGlobal
